
Microsoft Visual Studio Solution File, Format Version 12.00
# Visual Studio Version 16
VisualStudioVersion = 16.0.30011.22
MinimumVisualStudioVersion = 10.0.40219.1
Project("{FAE04EC0-301F-11D3-BF4B-00C04F79EFBC}") = "VMCProtocolMonitor", "VMCProtocolMonitor\VMCProtocolMonitor.csproj", "{C9B3455D-9897-42E7-A5B6-3C1BFC3DFD01}"
EndProject
Global
	GlobalSection(SolutionConfigurationPlatforms) = preSolution
		Debug|Any CPU = Debug|Any CPU
		Release|Any CPU = Release|Any CPU
	EndGlobalSection
	GlobalSection(ProjectConfigurationPlatforms) = postSolution
		{C9B3455D-9897-42E7-A5B6-3C1BFC3DFD01}.Debug|Any CPU.ActiveCfg = Debug|Any CPU
		{C9B3455D-9897-42E7-A5B6-3C1BFC3DFD01}.Debug|Any CPU.Build.0 = Debug|Any CPU
		{C9B3455D-9897-42E7-A5B6-3C1BFC3DFD01}.Release|Any CPU.ActiveCfg = Release|Any CPU
		{C9B3455D-9897-42E7-A5B6-3C1BFC3DFD01}.Release|Any CPU.Build.0 = Release|Any CPU
	EndGlobalSection
	GlobalSection(SolutionProperties) = preSolution
		HideSolutionNode = FALSE
	EndGlobalSection
	GlobalSection(ExtensibilityGlobals) = postSolution
		SolutionGuid = {C974F34C-3202-4D9C-AA27-9504DD99E2ED}
	EndGlobalSection
EndGlobal
